
Microsoft Visual Studio Solution File, Format Version 12.00
# Visual Studio Version 16
VisualStudioVersion = 16.0.32106.194
MinimumVisualStudioVersion = 10.0.40219.1
Project("{FAE04EC0-301F-11D3-BF4B-00C04F79EFBC}") = "Ryb1", "Ryb1.csproj", "{0DFEEF4E-333C-4642-8D28-8C85E5254A2A}"
EndProject
Global
	GlobalSection(SolutionConfigurationPlatforms) = preSolution
		Debug|Any CPU = Debug|Any CPU
		Release|Any CPU = Release|Any CPU
	EndGlobalSection
	GlobalSection(ProjectConfigurationPlatforms) = postSolution
		{0DFEEF4E-333C-4642-8D28-8C85E5254A2A}.Debug|Any CPU.ActiveCfg = Debug|Any CPU
		{0DFEEF4E-333C-4642-8D28-8C85E5254A2A}.Debug|Any CPU.Build.0 = Debug|Any CPU
		{0DFEEF4E-333C-4642-8D28-8C85E5254A2A}.Release|Any CPU.ActiveCfg = Release|Any CPU
		{0DFEEF4E-333C-4642-8D28-8C85E5254A2A}.Release|Any CPU.Build.0 = Release|Any CPU
	EndGlobalSection
	GlobalSection(SolutionProperties) = preSolution
		HideSolutionNode = FALSE
	EndGlobalSection
	GlobalSection(ExtensibilityGlobals) = postSolution
		SolutionGuid = {65CF3045-1CE8-4850-A931-2E8D7071B6F7}
	EndGlobalSection
EndGlobal
